
Microsoft Visual Studio Solution File, Format Version 12.00
# Visual Studio Version 17
VisualStudioVersion = 17.14.36705.20 d17.14
MinimumVisualStudioVersion = 10.0.40219.1
Project("{FAE04EC0-301F-11D3-BF4B-00C04F79EFBC}") = "GLMS", "GLMS.csproj", "{1F3A08E6-0CD2-4DCD-AB5F-5994657FA9BE}"
EndProject
Global
	GlobalSection(SolutionConfigurationPlatforms) = preSolution
		Debug|Any CPU = Debug|Any CPU
		Release|Any CPU = Release|Any CPU
	EndGlobalSection
	GlobalSection(ProjectConfigurationPlatforms) = postSolution
		{1F3A08E6-0CD2-4DCD-AB5F-5994657FA9BE}.Debug|Any CPU.ActiveCfg = Debug|Any CPU
		{1F3A08E6-0CD2-4DCD-AB5F-5994657FA9BE}.Debug|Any CPU.Build.0 = Debug|Any CPU
		{1F3A08E6-0CD2-4DCD-AB5F-5994657FA9BE}.Release|Any CPU.ActiveCfg = Release|Any CPU
		{1F3A08E6-0CD2-4DCD-AB5F-5994657FA9BE}.Release|Any CPU.Build.0 = Release|Any CPU
	EndGlobalSection
	GlobalSection(SolutionProperties) = preSolution
		HideSolutionNode = FALSE
	EndGlobalSection
	GlobalSection(ExtensibilityGlobals) = postSolution
		SolutionGuid = {9F104021-D7A0-4264-8817-3AD7DD3C2589}
	EndGlobalSection
EndGlobal
