
Microsoft Visual Studio Solution File, Format Version 12.00
# Visual Studio Version 17
VisualStudioVersion = 17.14.36705.20
MinimumVisualStudioVersion = 10.0.40219.1
Project("{FAE04EC0-301F-11D3-BF4B-00C04F79EFBC}") = "GLMS", "GLMS.csproj", "{1F3A08E6-0CD2-4DCD-AB5F-5994657FA9BE}"
EndProject
Project("{FAE04EC0-301F-11D3-BF4B-00C04F79EFBC}") = "GLMS.Tests", "..\GLMS.Tests\GLMS.Tests.csproj", "{2E445AA8-6773-4198-A68C-356CD1D8B353}"
	ProjectSection(ProjectDependencies) = postProject
		{1F3A08E6-0CD2-4DCD-AB5F-5994657FA9BE} = {1F3A08E6-0CD2-4DCD-AB5F-5994657FA9BE}
	EndProjectSection
EndProject
Project("{FAE04EC0-301F-11D3-BF4B-00C04F79EFBC}") = "GLMS.API", "..\..\..\OneDrive - ADvTECH Ltd\Desktop\GLMS.API\GLMS.API.csproj", "{59AE986D-6AC9-1B28-C4C9-9D3501807622}"
EndProject
Global
	GlobalSection(SolutionConfigurationPlatforms) = preSolution
		Debug|Any CPU = Debug|Any CPU
		Debug|x64 = Debug|x64
		Debug|x86 = Debug|x86
		Release|Any CPU = Release|Any CPU
		Release|x64 = Release|x64
		Release|x86 = Release|x86
	EndGlobalSection
	GlobalSection(ProjectConfigurationPlatforms) = postSolution
		{1F3A08E6-0CD2-4DCD-AB5F-5994657FA9BE}.Debug|Any CPU.ActiveCfg = Debug|Any CPU
		{1F3A08E6-0CD2-4DCD-AB5F-5994657FA9BE}.Debug|Any CPU.Build.0 = Debug|Any CPU
		{1F3A08E6-0CD2-4DCD-AB5F-5994657FA9BE}.Debug|x64.ActiveCfg = Debug|Any CPU
		{1F3A08E6-0CD2-4DCD-AB5F-5994657FA9BE}.Debug|x64.Build.0 = Debug|Any CPU
		{1F3A08E6-0CD2-4DCD-AB5F-5994657FA9BE}.Debug|x86.ActiveCfg = Debug|Any CPU
		{1F3A08E6-0CD2-4DCD-AB5F-5994657FA9BE}.Debug|x86.Build.0 = Debug|Any CPU
		{1F3A08E6-0CD2-4DCD-AB5F-5994657FA9BE}.Release|Any CPU.ActiveCfg = Release|Any CPU
		{1F3A08E6-0CD2-4DCD-AB5F-5994657FA9BE}.Release|Any CPU.Build.0 = Release|Any CPU
		{1F3A08E6-0CD2-4DCD-AB5F-5994657FA9BE}.Release|x64.ActiveCfg = Release|Any CPU
		{1F3A08E6-0CD2-4DCD-AB5F-5994657FA9BE}.Release|x64.Build.0 = Release|Any CPU
		{1F3A08E6-0CD2-4DCD-AB5F-5994657FA9BE}.Release|x86.ActiveCfg = Release|Any CPU
		{1F3A08E6-0CD2-4DCD-AB5F-5994657FA9BE}.Release|x86.Build.0 = Release|Any CPU
		{2E445AA8-6773-4198-A68C-356CD1D8B353}.Debug|Any CPU.ActiveCfg = Debug|Any CPU
		{2E445AA8-6773-4198-A68C-356CD1D8B353}.Debug|Any CPU.Build.0 = Debug|Any CPU
		{2E445AA8-6773-4198-A68C-356CD1D8B353}.Debug|x64.ActiveCfg = Debug|Any CPU
		{2E445AA8-6773-4198-A68C-356CD1D8B353}.Debug|x64.Build.0 = Debug|Any CPU
		{2E445AA8-6773-4198-A68C-356CD1D8B353}.Debug|x86.ActiveCfg = Debug|Any CPU
		{2E445AA8-6773-4198-A68C-356CD1D8B353}.Debug|x86.Build.0 = Debug|Any CPU
		{2E445AA8-6773-4198-A68C-356CD1D8B353}.Release|Any CPU.ActiveCfg = Release|Any CPU
		{2E445AA8-6773-4198-A68C-356CD1D8B353}.Release|Any CPU.Build.0 = Release|Any CPU
		{2E445AA8-6773-4198-A68C-356CD1D8B353}.Release|x64.ActiveCfg = Release|Any CPU
		{2E445AA8-6773-4198-A68C-356CD1D8B353}.Release|x64.Build.0 = Release|Any CPU
		{2E445AA8-6773-4198-A68C-356CD1D8B353}.Release|x86.ActiveCfg = Release|Any CPU
		{2E445AA8-6773-4198-A68C-356CD1D8B353}.Release|x86.Build.0 = Release|Any CPU
		{59AE986D-6AC9-1B28-C4C9-9D3501807622}.Debug|Any CPU.ActiveCfg = Debug|Any CPU
		{59AE986D-6AC9-1B28-C4C9-9D3501807622}.Debug|Any CPU.Build.0 = Debug|Any CPU
		{59AE986D-6AC9-1B28-C4C9-9D3501807622}.Debug|x64.ActiveCfg = Debug|Any CPU
		{59AE986D-6AC9-1B28-C4C9-9D3501807622}.Debug|x64.Build.0 = Debug|Any CPU
		{59AE986D-6AC9-1B28-C4C9-9D3501807622}.Debug|x86.ActiveCfg = Debug|Any CPU
		{59AE986D-6AC9-1B28-C4C9-9D3501807622}.Debug|x86.Build.0 = Debug|Any CPU
		{59AE986D-6AC9-1B28-C4C9-9D3501807622}.Release|Any CPU.ActiveCfg = Release|Any CPU
		{59AE986D-6AC9-1B28-C4C9-9D3501807622}.Release|Any CPU.Build.0 = Release|Any CPU
		{59AE986D-6AC9-1B28-C4C9-9D3501807622}.Release|x64.ActiveCfg = Release|Any CPU
		{59AE986D-6AC9-1B28-C4C9-9D3501807622}.Release|x64.Build.0 = Release|Any CPU
		{59AE986D-6AC9-1B28-C4C9-9D3501807622}.Release|x86.ActiveCfg = Release|Any CPU
		{59AE986D-6AC9-1B28-C4C9-9D3501807622}.Release|x86.Build.0 = Release|Any CPU
	EndGlobalSection
	GlobalSection(SolutionProperties) = preSolution
		HideSolutionNode = FALSE
	EndGlobalSection
	GlobalSection(ExtensibilityGlobals) = postSolution
		SolutionGuid = {9F104021-D7A0-4264-8817-3AD7DD3C2589}
	EndGlobalSection
EndGlobal
